
Microsoft Visual Studio Solution File, Format Version 12.00
# Visual Studio Version 16
VisualStudioVersion = 16.0.29006.145
MinimumVisualStudioVersion = 10.0.40219.1
Project("{9A19103F-16F7-4668-BE54-9A1E7A4F7556}") = "RC4-Net", "RC4-Net\RC4-Net.csproj", "{BF36813D-F680-4B91-8B60-BADCB0EE6B30}"
EndProject
Project("{FAE04EC0-301F-11D3-BF4B-00C04F79EFBC}") = "RC4-Demo", "RC4-Demo\RC4-Demo.csproj", "{238CA9DE-DDBF-4A1A-BFE5-4A5BAE7E7F94}"
EndProject
Project("{FAE04EC0-301F-11D3-BF4B-00C04F79EFBC}") = "RC4-Test", "RC4-Test\RC4-Test.csproj", "{0F397418-C5B1-4CCC-AC66-0CECE5E1F446}"
EndProject
Global
	GlobalSection(SolutionConfigurationPlatforms) = preSolution
		Debug|Any CPU = Debug|Any CPU
		Release|Any CPU = Release|Any CPU
	EndGlobalSection
	GlobalSection(ProjectConfigurationPlatforms) = postSolution
		{BF36813D-F680-4B91-8B60-BADCB0EE6B30}.Debug|Any CPU.ActiveCfg = Debug|Any CPU
		{BF36813D-F680-4B91-8B60-BADCB0EE6B30}.Debug|Any CPU.Build.0 = Debug|Any CPU
		{BF36813D-F680-4B91-8B60-BADCB0EE6B30}.Release|Any CPU.ActiveCfg = Release|Any CPU
		{BF36813D-F680-4B91-8B60-BADCB0EE6B30}.Release|Any CPU.Build.0 = Release|Any CPU
		{238CA9DE-DDBF-4A1A-BFE5-4A5BAE7E7F94}.Debug|Any CPU.ActiveCfg = Debug|Any CPU
		{238CA9DE-DDBF-4A1A-BFE5-4A5BAE7E7F94}.Debug|Any CPU.Build.0 = Debug|Any CPU
		{238CA9DE-DDBF-4A1A-BFE5-4A5BAE7E7F94}.Release|Any CPU.ActiveCfg = Release|Any CPU
		{238CA9DE-DDBF-4A1A-BFE5-4A5BAE7E7F94}.Release|Any CPU.Build.0 = Release|Any CPU
		{0F397418-C5B1-4CCC-AC66-0CECE5E1F446}.Debug|Any CPU.ActiveCfg = Debug|Any CPU
		{0F397418-C5B1-4CCC-AC66-0CECE5E1F446}.Debug|Any CPU.Build.0 = Debug|Any CPU
		{0F397418-C5B1-4CCC-AC66-0CECE5E1F446}.Release|Any CPU.ActiveCfg = Release|Any CPU
		{0F397418-C5B1-4CCC-AC66-0CECE5E1F446}.Release|Any CPU.Build.0 = Release|Any CPU
	EndGlobalSection
	GlobalSection(SolutionProperties) = preSolution
		HideSolutionNode = FALSE
	EndGlobalSection
	GlobalSection(ExtensibilityGlobals) = postSolution
		SolutionGuid = {A8CF67CD-FA78-43A3-BFC3-DB5808EB2350}
	EndGlobalSection
EndGlobal
